
Microsoft Visual Studio Solution File, Format Version 12.00
# Visual Studio 15
VisualStudioVersion = 15.0.27004.2008
MinimumVisualStudioVersion = 10.0.40219.1
Project("{2150E333-8FDC-42A3-9474-1A3956D46DE8}") = "Solution Items", "Solution Items", "{FD90B3B5-D40D-42BC-8024-017848B6E806}"
	ProjectSection(SolutionItems) = preProject
		..\.gitattributes = ..\.gitattributes
		..\.gitignore = ..\.gitignore
		..\appveyor.yml = ..\appveyor.yml
		..\CHANGELOG.md = ..\CHANGELOG.md
		..\LICENSE = ..\LICENSE
		..\nugetpack.cmd = ..\nugetpack.cmd
		..\nugetpack.sh = ..\nugetpack.sh
		..\build\OneSignal.CSharp.SDK.nuspec = ..\build\OneSignal.CSharp.SDK.nuspec
		..\README.md = ..\README.md
	EndProjectSection
EndProject
Project("{9A19103F-16F7-4668-BE54-9A1E7A4F7556}") = "OneSignal.RestAPIv3.Client", "OneSignal.RestAPIv3.Client\OneSignal.RestAPIv3.Client.csproj", "{3A12EBF8-7A29-412F-92FC-B9362FC91431}"
EndProject
Project("{9A19103F-16F7-4668-BE54-9A1E7A4F7556}") = "OneSignal.RestAPIv3.Client.Sample.ConsoleApp.NetCore", "OneSignal.RestAPIv3.Client.Sample.ConsoleApp.NetCore\OneSignal.RestAPIv3.Client.Sample.ConsoleApp.NetCore.csproj", "{B82B4AF5-1FDE-4E6C-9334-A819672554BC}"
EndProject
Project("{9A19103F-16F7-4668-BE54-9A1E7A4F7556}") = "OneSignal.RestAPIv3.Client.Sample.ConsoleApp.NetFramework452", "OneSignal.RestAPIv3.Client.Sample.ConsoleApp.NetFramework452\OneSignal.RestAPIv3.Client.Sample.ConsoleApp.NetFramework452.csproj", "{105D00E9-9B4C-4B8D-B629-A36CFACF527C}"
EndProject
Project("{FAE04EC0-301F-11D3-BF4B-00C04F79EFBC}") = "OneSignal.RestAPIv3.Client.Tests", "OneSignal.RestAPIv3.Client.Tests\OneSignal.RestAPIv3.Client.Tests.csproj", "{E3E97B56-0782-4230-BA81-F0703E67FC4F}"
EndProject
Global
	GlobalSection(SolutionConfigurationPlatforms) = preSolution
		Debug|Any CPU = Debug|Any CPU
		Release|Any CPU = Release|Any CPU
	EndGlobalSection
	GlobalSection(ProjectConfigurationPlatforms) = postSolution
		{3A12EBF8-7A29-412F-92FC-B9362FC91431}.Debug|Any CPU.ActiveCfg = Debug|Any CPU
		{3A12EBF8-7A29-412F-92FC-B9362FC91431}.Debug|Any CPU.Build.0 = Debug|Any CPU
		{3A12EBF8-7A29-412F-92FC-B9362FC91431}.Release|Any CPU.ActiveCfg = Release|Any CPU
		{3A12EBF8-7A29-412F-92FC-B9362FC91431}.Release|Any CPU.Build.0 = Release|Any CPU
		{B82B4AF5-1FDE-4E6C-9334-A819672554BC}.Debug|Any CPU.ActiveCfg = Debug|Any CPU
		{B82B4AF5-1FDE-4E6C-9334-A819672554BC}.Debug|Any CPU.Build.0 = Debug|Any CPU
		{B82B4AF5-1FDE-4E6C-9334-A819672554BC}.Release|Any CPU.ActiveCfg = Release|Any CPU
		{B82B4AF5-1FDE-4E6C-9334-A819672554BC}.Release|Any CPU.Build.0 = Release|Any CPU
		{105D00E9-9B4C-4B8D-B629-A36CFACF527C}.Debug|Any CPU.ActiveCfg = Debug|Any CPU
		{105D00E9-9B4C-4B8D-B629-A36CFACF527C}.Debug|Any CPU.Build.0 = Debug|Any CPU
		{105D00E9-9B4C-4B8D-B629-A36CFACF527C}.Release|Any CPU.ActiveCfg = Release|Any CPU
		{105D00E9-9B4C-4B8D-B629-A36CFACF527C}.Release|Any CPU.Build.0 = Release|Any CPU
		{E3E97B56-0782-4230-BA81-F0703E67FC4F}.Debug|Any CPU.ActiveCfg = Debug|Any CPU
		{E3E97B56-0782-4230-BA81-F0703E67FC4F}.Debug|Any CPU.Build.0 = Debug|Any CPU
		{E3E97B56-0782-4230-BA81-F0703E67FC4F}.Release|Any CPU.ActiveCfg = Release|Any CPU
		{E3E97B56-0782-4230-BA81-F0703E67FC4F}.Release|Any CPU.Build.0 = Release|Any CPU
	EndGlobalSection
	GlobalSection(SolutionProperties) = preSolution
		HideSolutionNode = FALSE
	EndGlobalSection
	GlobalSection(ExtensibilityGlobals) = postSolution
		SolutionGuid = {052DCA08-324F-4640-878E-04B893B583E2}
	EndGlobalSection
	GlobalSection(CodealikeProperties) = postSolution
		SolutionGuid = 7c0a7842-014e-473d-9a76-dfbfaad27061
	EndGlobalSection
EndGlobal
